
Microsoft Visual Studio Solution File, Format Version 12.00
# Visual Studio Version 17
VisualStudioVersion = 17.14.37301.10 d17.14
MinimumVisualStudioVersion = 10.0.40219.1
Project("{FAE04EC0-301F-11D3-BF4B-00C04F79EFBC}") = "Portifolio", "Portifolio.csproj", "{40A014B0-7FF5-4739-89EA-4B3D2B48C3D8}"
EndProject
Global
	GlobalSection(SolutionConfigurationPlatforms) = preSolution
		Debug|Any CPU = Debug|Any CPU
		Release|Any CPU = Release|Any CPU
	EndGlobalSection
	GlobalSection(ProjectConfigurationPlatforms) = postSolution
		{40A014B0-7FF5-4739-89EA-4B3D2B48C3D8}.Debug|Any CPU.ActiveCfg = Debug|Any CPU
		{40A014B0-7FF5-4739-89EA-4B3D2B48C3D8}.Debug|Any CPU.Build.0 = Debug|Any CPU
		{40A014B0-7FF5-4739-89EA-4B3D2B48C3D8}.Release|Any CPU.ActiveCfg = Release|Any CPU
		{40A014B0-7FF5-4739-89EA-4B3D2B48C3D8}.Release|Any CPU.Build.0 = Release|Any CPU
	EndGlobalSection
	GlobalSection(SolutionProperties) = preSolution
		HideSolutionNode = FALSE
	EndGlobalSection
	GlobalSection(ExtensibilityGlobals) = postSolution
		SolutionGuid = {9E234E85-E26B-41E1-B320-75132473FA88}
	EndGlobalSection
EndGlobal
