
Microsoft Visual Studio Solution File, Format Version 12.00
# Visual Studio Version 17
VisualStudioVersion = 17.14.36221.1 d17.14
MinimumVisualStudioVersion = 10.0.40219.1
Project("{FAE04EC0-301F-11D3-BF4B-00C04F79EFBC}") = "PassoContador", "PassoContador\PassoContador.csproj", "{205AAE33-9647-4DEE-BDE3-446812B7341B}"
EndProject
Global
	GlobalSection(SolutionConfigurationPlatforms) = preSolution
		Debug|Any CPU = Debug|Any CPU
		Release|Any CPU = Release|Any CPU
	EndGlobalSection
	GlobalSection(ProjectConfigurationPlatforms) = postSolution
		{205AAE33-9647-4DEE-BDE3-446812B7341B}.Debug|Any CPU.ActiveCfg = Debug|Any CPU
		{205AAE33-9647-4DEE-BDE3-446812B7341B}.Debug|Any CPU.Build.0 = Debug|Any CPU
		{205AAE33-9647-4DEE-BDE3-446812B7341B}.Release|Any CPU.ActiveCfg = Release|Any CPU
		{205AAE33-9647-4DEE-BDE3-446812B7341B}.Release|Any CPU.Build.0 = Release|Any CPU
	EndGlobalSection
	GlobalSection(SolutionProperties) = preSolution
		HideSolutionNode = FALSE
	EndGlobalSection
	GlobalSection(ExtensibilityGlobals) = postSolution
		SolutionGuid = {CFFEA6A4-0A6E-49B8-97D3-1EC93EB09ECC}
	EndGlobalSection
EndGlobal
